
Microsoft Visual Studio Solution File, Format Version 12.00
# Visual Studio Version 16
VisualStudioVersion = 16.0.31911.196
MinimumVisualStudioVersion = 10.0.40219.1
Project("{9A19103F-16F7-4668-BE54-9A1E7A4F7556}") = "Experiments", "Experiments\Experiments.csproj", "{2AC23B7C-7022-452E-B975-1900488E27E4}"
EndProject
Project("{FAE04EC0-301F-11D3-BF4B-00C04F79EFBC}") = "Tasks", "Tasks\Tasks.csproj", "{2BFE9B0E-296F-4E5E-87E8-C7F1303C6604}"
EndProject
Project("{FAE04EC0-301F-11D3-BF4B-00C04F79EFBC}") = "TasksExceptions", "TasksExceptions\TasksExceptions.csproj", "{A0F4F027-5536-4F4C-9994-300FAA82710F}"
EndProject
Project("{FAE04EC0-301F-11D3-BF4B-00C04F79EFBC}") = "TasksConcurrency", "TasksConcurrency\TasksConcurrency.csproj", "{89FD8A88-3869-4EE6-B8F2-7E0B274E9FCC}"
EndProject
Project("{FAE04EC0-301F-11D3-BF4B-00C04F79EFBC}") = "TasksTime", "TasksTime\TasksTime.csproj", "{68E953FC-1D1C-4C59-AFCC-80FD3DE7BE7A}"
EndProject
Global
	GlobalSection(SolutionConfigurationPlatforms) = preSolution
		Debug|Any CPU = Debug|Any CPU
		Release|Any CPU = Release|Any CPU
	EndGlobalSection
	GlobalSection(ProjectConfigurationPlatforms) = postSolution
		{2AC23B7C-7022-452E-B975-1900488E27E4}.Debug|Any CPU.ActiveCfg = Debug|Any CPU
		{2AC23B7C-7022-452E-B975-1900488E27E4}.Debug|Any CPU.Build.0 = Debug|Any CPU
		{2AC23B7C-7022-452E-B975-1900488E27E4}.Release|Any CPU.ActiveCfg = Release|Any CPU
		{2AC23B7C-7022-452E-B975-1900488E27E4}.Release|Any CPU.Build.0 = Release|Any CPU
		{2BFE9B0E-296F-4E5E-87E8-C7F1303C6604}.Debug|Any CPU.ActiveCfg = Debug|Any CPU
		{2BFE9B0E-296F-4E5E-87E8-C7F1303C6604}.Debug|Any CPU.Build.0 = Debug|Any CPU
		{2BFE9B0E-296F-4E5E-87E8-C7F1303C6604}.Release|Any CPU.ActiveCfg = Release|Any CPU
		{2BFE9B0E-296F-4E5E-87E8-C7F1303C6604}.Release|Any CPU.Build.0 = Release|Any CPU
		{A0F4F027-5536-4F4C-9994-300FAA82710F}.Debug|Any CPU.ActiveCfg = Debug|Any CPU
		{A0F4F027-5536-4F4C-9994-300FAA82710F}.Debug|Any CPU.Build.0 = Debug|Any CPU
		{A0F4F027-5536-4F4C-9994-300FAA82710F}.Release|Any CPU.ActiveCfg = Release|Any CPU
		{A0F4F027-5536-4F4C-9994-300FAA82710F}.Release|Any CPU.Build.0 = Release|Any CPU
		{89FD8A88-3869-4EE6-B8F2-7E0B274E9FCC}.Debug|Any CPU.ActiveCfg = Debug|Any CPU
		{89FD8A88-3869-4EE6-B8F2-7E0B274E9FCC}.Debug|Any CPU.Build.0 = Debug|Any CPU
		{89FD8A88-3869-4EE6-B8F2-7E0B274E9FCC}.Release|Any CPU.ActiveCfg = Release|Any CPU
		{89FD8A88-3869-4EE6-B8F2-7E0B274E9FCC}.Release|Any CPU.Build.0 = Release|Any CPU
		{68E953FC-1D1C-4C59-AFCC-80FD3DE7BE7A}.Debug|Any CPU.ActiveCfg = Debug|Any CPU
		{68E953FC-1D1C-4C59-AFCC-80FD3DE7BE7A}.Debug|Any CPU.Build.0 = Debug|Any CPU
		{68E953FC-1D1C-4C59-AFCC-80FD3DE7BE7A}.Release|Any CPU.ActiveCfg = Release|Any CPU
		{68E953FC-1D1C-4C59-AFCC-80FD3DE7BE7A}.Release|Any CPU.Build.0 = Release|Any CPU
	EndGlobalSection
	GlobalSection(SolutionProperties) = preSolution
		HideSolutionNode = FALSE
	EndGlobalSection
	GlobalSection(ExtensibilityGlobals) = postSolution
		SolutionGuid = {4B467681-A69B-4B4A-90AC-AC091DF46A0B}
	EndGlobalSection
EndGlobal
