
Microsoft Visual Studio Solution File, Format Version 12.00
# Visual Studio Version 16
VisualStudioVersion = 16.0.31911.196
MinimumVisualStudioVersion = 10.0.40219.1
Project("{FAE04EC0-301F-11D3-BF4B-00C04F79EFBC}") = "WorkerService1", "WorkerService1\WorkerService1.csproj", "{2A00CD1B-8F2D-4612-8A06-478DFB0AF56B}"
EndProject
Global
	GlobalSection(SolutionConfigurationPlatforms) = preSolution
		Debug|Any CPU = Debug|Any CPU
		Release|Any CPU = Release|Any CPU
	EndGlobalSection
	GlobalSection(ProjectConfigurationPlatforms) = postSolution
		{2A00CD1B-8F2D-4612-8A06-478DFB0AF56B}.Debug|Any CPU.ActiveCfg = Debug|Any CPU
		{2A00CD1B-8F2D-4612-8A06-478DFB0AF56B}.Debug|Any CPU.Build.0 = Debug|Any CPU
		{2A00CD1B-8F2D-4612-8A06-478DFB0AF56B}.Release|Any CPU.ActiveCfg = Release|Any CPU
		{2A00CD1B-8F2D-4612-8A06-478DFB0AF56B}.Release|Any CPU.Build.0 = Release|Any CPU
	EndGlobalSection
	GlobalSection(SolutionProperties) = preSolution
		HideSolutionNode = FALSE
	EndGlobalSection
	GlobalSection(ExtensibilityGlobals) = postSolution
		SolutionGuid = {416C9ED9-AE5B-4AFB-804E-87EC4A3A52BE}
	EndGlobalSection
EndGlobal
